
Microsoft Visual Studio Solution File, Format Version 12.00
# Visual Studio 15
VisualStudioVersion = 15.0.28307.1022
MinimumVisualStudioVersion = 10.0.40219.1
Project("{FAE04EC0-301F-11D3-BF4B-00C04F79EFBC}") = "AutoTests", "ClassLibrary2\AutoTests.csproj", "{44B282E6-5A7C-40D6-972E-05F91716BBB3}"
EndProject
Global
	GlobalSection(SolutionConfigurationPlatforms) = preSolution
		Debug|Any CPU = Debug|Any CPU
		Release|Any CPU = Release|Any CPU
	EndGlobalSection
	GlobalSection(ProjectConfigurationPlatforms) = postSolution
		{44B282E6-5A7C-40D6-972E-05F91716BBB3}.Debug|Any CPU.ActiveCfg = Debug|Any CPU
		{44B282E6-5A7C-40D6-972E-05F91716BBB3}.Debug|Any CPU.Build.0 = Debug|Any CPU
		{44B282E6-5A7C-40D6-972E-05F91716BBB3}.Release|Any CPU.ActiveCfg = Release|Any CPU
		{44B282E6-5A7C-40D6-972E-05F91716BBB3}.Release|Any CPU.Build.0 = Release|Any CPU
	EndGlobalSection
	GlobalSection(SolutionProperties) = preSolution
		HideSolutionNode = FALSE
	EndGlobalSection
	GlobalSection(ExtensibilityGlobals) = postSolution
		SolutionGuid = {581ADFED-1DE7-4CB9-A52A-68899F43EB02}
	EndGlobalSection
EndGlobal
